
Microsoft Visual Studio Solution File, Format Version 12.00
# Visual Studio Version 16
VisualStudioVersion = 16.0.29519.87
MinimumVisualStudioVersion = 10.0.40219.1
Project("{9A19103F-16F7-4668-BE54-9A1E7A4F7556}") = "SGAmbientalTCC", "SGAmbientalTCC.csproj", "{EE2124B8-4027-449A-B399-FC0CACFF1FC3}"
EndProject
Global
	GlobalSection(SolutionConfigurationPlatforms) = preSolution
		Debug|Any CPU = Debug|Any CPU
		Release|Any CPU = Release|Any CPU
	EndGlobalSection
	GlobalSection(ProjectConfigurationPlatforms) = postSolution
		{EE2124B8-4027-449A-B399-FC0CACFF1FC3}.Debug|Any CPU.ActiveCfg = Debug|Any CPU
		{EE2124B8-4027-449A-B399-FC0CACFF1FC3}.Debug|Any CPU.Build.0 = Debug|Any CPU
		{EE2124B8-4027-449A-B399-FC0CACFF1FC3}.Release|Any CPU.ActiveCfg = Release|Any CPU
		{EE2124B8-4027-449A-B399-FC0CACFF1FC3}.Release|Any CPU.Build.0 = Release|Any CPU
	EndGlobalSection
	GlobalSection(SolutionProperties) = preSolution
		HideSolutionNode = FALSE
	EndGlobalSection
	GlobalSection(ExtensibilityGlobals) = postSolution
		SolutionGuid = {2AAABEA0-F40D-4BAC-9AD7-61036AF7B54F}
	EndGlobalSection
EndGlobal
