
Microsoft Visual Studio Solution File, Format Version 12.00
# Visual Studio Version 16
VisualStudioVersion = 16.0.29613.14
MinimumVisualStudioVersion = 10.0.40219.1
Project("{FAE04EC0-301F-11D3-BF4B-00C04F79EFBC}") = "SGAmbiental.API", "..\SGAmbiental.API\SGAmbiental.API\SGAmbiental.API.csproj", "{8D57E63D-58E7-4F07-AEEC-40B8EA201F91}"
EndProject
Global
	GlobalSection(SolutionConfigurationPlatforms) = preSolution
		Debug|Any CPU = Debug|Any CPU
		Release|Any CPU = Release|Any CPU
	EndGlobalSection
	GlobalSection(ProjectConfigurationPlatforms) = postSolution
		{8D57E63D-58E7-4F07-AEEC-40B8EA201F91}.Debug|Any CPU.ActiveCfg = Debug|Any CPU
		{8D57E63D-58E7-4F07-AEEC-40B8EA201F91}.Debug|Any CPU.Build.0 = Debug|Any CPU
		{8D57E63D-58E7-4F07-AEEC-40B8EA201F91}.Release|Any CPU.ActiveCfg = Release|Any CPU
		{8D57E63D-58E7-4F07-AEEC-40B8EA201F91}.Release|Any CPU.Build.0 = Release|Any CPU
	EndGlobalSection
	GlobalSection(SolutionProperties) = preSolution
		HideSolutionNode = FALSE
	EndGlobalSection
	GlobalSection(ExtensibilityGlobals) = postSolution
		SolutionGuid = {A4301AFC-956F-4B32-9E3A-BEBEF9259E31}
	EndGlobalSection
EndGlobal
